{
  "requires": true,
  "lockfileVersion": 1,
  "dependencies": {
    "file-saver": {
      "version": "2.0.2",
      "resolved": "https://registry.npmjs.org/file-saver/-/file-saver-2.0.2.tgz",
      "integrity": "sha512-Wz3c3XQ5xroCxd1G8b7yL0Ehkf0TC9oYC6buPFkNnU9EnaPlifeAFCyCh+iewXTyFRcg0a6j3J7FmJsIhlhBdw=="
    },
    "js-file-download": {
      "version": "0.4.10",
      "resolved": "https://registry.npmjs.org/js-file-download/-/js-file-download-0.4.10.tgz",
      "integrity": "sha512-kX4J3mEFdiQ1w4YarrO940hpwuEhxcpzL5FZoA3WLR3D+/FPJtu04I7PesC4nJDdrQYM6xeckBiULGUxvxZluQ=="
    }
  }
}
