{
  "requires": true,
  "lockfileVersion": 1,
  "dependencies": {
    "@alephdata/followthemoney": {
      "version": "1.21.0",
      "resolved": "https://registry.npmjs.org/@alephdata/followthemoney/-/followthemoney-1.21.0.tgz",
      "integrity": "sha512-86zxnZO2CJZRj81VxHamesCjrXcuoWUjRzOOnUGusWTtXWbJ77XwPJ7oV92TduONKG5D3vb2tqXFc+LBOUSj8Q==",
      "requires": {
        "@types/uuid": "3.4.5",
        "uuid": "3.3.3"
      }
    },
    "@types/node": {
      "version": "12.7.9",
      "resolved": "https://registry.npmjs.org/@types/node/-/node-12.7.9.tgz",
      "integrity": "sha512-P57oKTJ/vYivL2BCfxCC5tQjlS8qW31pbOL6qt99Yrjm95YdHgNZwjrTTjMBh+C2/y6PXIX4oz253+jUzxKKfQ=="
    },
    "@types/uuid": {
      "version": "3.4.5",
      "resolved": "https://registry.npmjs.org/@types/uuid/-/uuid-3.4.5.tgz",
      "integrity": "sha512-MNL15wC3EKyw1VLF+RoVO4hJJdk9t/Hlv3rt1OL65Qvuadm4BYo6g9ZJQqoq7X8NBFSsQXgAujWciovh2lpVjA==",
      "requires": {
        "@types/node": "12.7.9"
      }
    },
    "uuid": {
      "version": "3.3.3",
      "resolved": "https://registry.npmjs.org/uuid/-/uuid-3.3.3.tgz",
      "integrity": "sha512-pW0No1RGHgzlpHJO1nsVrHKpOEIxkGg1xB+v0ZmdNH5OAeAwzAVrCnI2/6Mtx+Uys6iaylxa+D3g4j63IKKjSQ=="
    }
  }
}
