{
  "requires": true,
  "lockfileVersion": 1,
  "dependencies": {
    "@blueprintjs/core": {
      "version": "1.35.0",
      "resolved": "https://registry.npmjs.org/@blueprintjs/core/-/core-1.35.0.tgz",
      "integrity": "sha512-pNNY8FcqHJHxx5witCSVA6cg41OiNnDiCB37+JroWUeUuKhJ7mmxej7SZGaoOaHQMltYil1XxQTp5LmseYg2YA==",
      "requires": {
        "@types/dom4": "1.5.20",
        "@types/tether": "1.4.3",
        "classnames": "2.2.5",
        "dom4": "1.8.5",
        "normalize.css": "4.1.1",
        "pure-render-decorator": "1.2.1",
        "tether": "1.4.3",
        "tslib": "1.8.1"
      }
    },
    "@blueprintjs/table": {
      "version": "1.31.0",
      "resolved": "https://registry.npmjs.org/@blueprintjs/table/-/table-1.31.0.tgz",
      "integrity": "sha512-A4U0R06NTMSwrOdeYI+DWvGmjDqzC5omTcvoxMnLhU3hAHNtIvQGEFterIaVZkq1Gp9IjTEMo8VPQWlje10KHA==",
      "requires": {
        "@blueprintjs/core": "1.35.0",
        "classnames": "2.2.5",
        "es6-shim": "0.35.3",
        "pure-render-decorator": "1.2.1",
        "tslib": "1.8.1"
      }
    },
    "@types/dom4": {
      "version": "1.5.20",
      "resolved": "https://registry.npmjs.org/@types/dom4/-/dom4-1.5.20.tgz",
      "integrity": "sha1-zPY207eU/mWkGR68f/l5p47+psI="
    },
    "@types/tether": {
      "version": "1.4.3",
      "resolved": "https://registry.npmjs.org/@types/tether/-/tether-1.4.3.tgz",
      "integrity": "sha512-q92yZeRwHuLL6s+HF5PAmrR0K0pFTQ3hT1ppM0ZRyj9XLziKR/qyhQcOitVO0UliClC02uQsAm4zBj08b6Pu/Q=="
    },
    "asap": {
      "version": "2.0.6",
      "resolved": "https://registry.npmjs.org/asap/-/asap-2.0.6.tgz",
      "integrity": "sha1-5QNHYR1+aQlDIIu9r+vLwvuGbUY="
    },
    "classnames": {
      "version": "2.2.5",
      "resolved": "https://registry.npmjs.org/classnames/-/classnames-2.2.5.tgz",
      "integrity": "sha1-+zgB1FNGdknvNgPH1hoCvRKb3m0="
    },
    "core-js": {
      "version": "1.2.7",
      "resolved": "https://registry.npmjs.org/core-js/-/core-js-1.2.7.tgz",
      "integrity": "sha1-ZSKUwUZR2yj6k70tX/KYOk8IxjY="
    },
    "dom4": {
      "version": "1.8.5",
      "resolved": "https://registry.npmjs.org/dom4/-/dom4-1.8.5.tgz",
      "integrity": "sha512-ehHzOGGkVQOwU9HyZ99gHwkx4ybrRl/P1vJM7EH1nS9XsgHwO+J0KwCnVQrn8iQvpstGwFrtrX7aSNQ43QuK4A=="
    },
    "encoding": {
      "version": "0.1.12",
      "resolved": "https://registry.npmjs.org/encoding/-/encoding-0.1.12.tgz",
      "integrity": "sha1-U4tm8+5izRq1HsMjgp0flIDHS+s=",
      "requires": {
        "iconv-lite": "0.4.19"
      }
    },
    "es6-shim": {
      "version": "0.35.3",
      "resolved": "https://registry.npmjs.org/es6-shim/-/es6-shim-0.35.3.tgz",
      "integrity": "sha1-m/tzY/7//4emzbbNk+QF7DxLbyY="
    },
    "fbjs": {
      "version": "0.8.16",
      "resolved": "https://registry.npmjs.org/fbjs/-/fbjs-0.8.16.tgz",
      "integrity": "sha1-XmdDL1UNxBtXK/VYR7ispk5TN9s=",
      "requires": {
        "core-js": "1.2.7",
        "isomorphic-fetch": "2.2.1",
        "loose-envify": "1.3.1",
        "object-assign": "4.1.1",
        "promise": "7.3.1",
        "setimmediate": "1.0.5",
        "ua-parser-js": "0.7.17"
      }
    },
    "iconv-lite": {
      "version": "0.4.19",
      "resolved": "https://registry.npmjs.org/iconv-lite/-/iconv-lite-0.4.19.tgz",
      "integrity": "sha512-oTZqweIP51xaGPI4uPa56/Pri/480R+mo7SeU+YETByQNhDG55ycFyNLIgta9vXhILrxXDmF7ZGhqZIcuN0gJQ=="
    },
    "is-stream": {
      "version": "1.1.0",
      "resolved": "https://registry.npmjs.org/is-stream/-/is-stream-1.1.0.tgz",
      "integrity": "sha1-EtSj3U5o4Lec6428hBc66A2RykQ="
    },
    "isomorphic-fetch": {
      "version": "2.2.1",
      "resolved": "https://registry.npmjs.org/isomorphic-fetch/-/isomorphic-fetch-2.2.1.tgz",
      "integrity": "sha1-YRrhrPFPXoH3KVB0coGf6XM1WKk=",
      "requires": {
        "node-fetch": "1.7.3",
        "whatwg-fetch": "2.0.3"
      }
    },
    "js-tokens": {
      "version": "3.0.2",
      "resolved": "https://registry.npmjs.org/js-tokens/-/js-tokens-3.0.2.tgz",
      "integrity": "sha1-mGbfOVECEw449/mWvOtlRDIJwls="
    },
    "loose-envify": {
      "version": "1.3.1",
      "resolved": "https://registry.npmjs.org/loose-envify/-/loose-envify-1.3.1.tgz",
      "integrity": "sha1-0aitM/qc4OcT1l/dCsi3SNR4yEg=",
      "requires": {
        "js-tokens": "3.0.2"
      }
    },
    "node-fetch": {
      "version": "1.7.3",
      "resolved": "https://registry.npmjs.org/node-fetch/-/node-fetch-1.7.3.tgz",
      "integrity": "sha512-NhZ4CsKx7cYm2vSrBAr2PvFOe6sWDf0UYLRqA6svUYg7+/TSfVAu49jYC4BvQ4Sms9SZgdqGBgroqfDhJdTyKQ==",
      "requires": {
        "encoding": "0.1.12",
        "is-stream": "1.1.0"
      }
    },
    "normalize.css": {
      "version": "4.1.1",
      "resolved": "https://registry.npmjs.org/normalize.css/-/normalize.css-4.1.1.tgz",
      "integrity": "sha1-TwsdWiNTgyUrBNhWa4Zsxfytnww="
    },
    "object-assign": {
      "version": "4.1.1",
      "resolved": "https://registry.npmjs.org/object-assign/-/object-assign-4.1.1.tgz",
      "integrity": "sha1-IQmtx5ZYh8/AXLvUQsrIv7s2CGM="
    },
    "promise": {
      "version": "7.3.1",
      "resolved": "https://registry.npmjs.org/promise/-/promise-7.3.1.tgz",
      "integrity": "sha512-nolQXZ/4L+bP/UGlkfaIujX9BKxGwmQ9OT4mOt5yvy8iK1h3wqTEJCijzGANTCCl9nWjY41juyAn2K3Q1hLLTg==",
      "requires": {
        "asap": "2.0.6"
      }
    },
    "pure-render-decorator": {
      "version": "1.2.1",
      "resolved": "https://registry.npmjs.org/pure-render-decorator/-/pure-render-decorator-1.2.1.tgz",
      "integrity": "sha1-Vohw7soXoc7lNrT+lKNHf80x7rk=",
      "requires": {
        "fbjs": "0.8.16"
      }
    },
    "setimmediate": {
      "version": "1.0.5",
      "resolved": "https://registry.npmjs.org/setimmediate/-/setimmediate-1.0.5.tgz",
      "integrity": "sha1-KQy7Iy4waULX1+qbg3Mqt4VvgoU="
    },
    "tether": {
      "version": "1.4.3",
      "resolved": "https://registry.npmjs.org/tether/-/tether-1.4.3.tgz",
      "integrity": "sha512-YCfE/Ym9MpZpzUmzbek7MiLEyTofxx2YS0rJfSOUXX0aZtfQgxcgw7/Re2oGJUsREWZtEF0DzBKCjqH+DzgL6A=="
    },
    "tslib": {
      "version": "1.8.1",
      "resolved": "https://registry.npmjs.org/tslib/-/tslib-1.8.1.tgz",
      "integrity": "sha1-aUavLR1lGnsYY7Ux1uWvpBqkTqw="
    },
    "ua-parser-js": {
      "version": "0.7.17",
      "resolved": "https://registry.npmjs.org/ua-parser-js/-/ua-parser-js-0.7.17.tgz",
      "integrity": "sha512-uRdSdu1oA1rncCQL7sCj8vSyZkgtL7faaw9Tc9rZ3mGgraQ7+Pdx7w5mnOSF3gw9ZNG6oc+KXfkon3bKuROm0g=="
    },
    "whatwg-fetch": {
      "version": "2.0.3",
      "resolved": "https://registry.npmjs.org/whatwg-fetch/-/whatwg-fetch-2.0.3.tgz",
      "integrity": "sha1-nITsLc9oGH/wC8ZOEnS0QhduHIQ="
    }
  }
}
